
Microsoft Visual Studio Solution File, Format Version 12.00
# Visual Studio Version 17
VisualStudioVersion = 17.2.32526.322
MinimumVisualStudioVersion = 10.0.40219.1
Project("{9A19103F-16F7-4668-BE54-9A1E7A4F7556}") = "LambdaA3", "LambdaA3.csproj", "{88074846-23E9-43F6-89EB-A002E1970199}"
EndProject
Global
	GlobalSection(SolutionConfigurationPlatforms) = preSolution
		Debug|Any CPU = Debug|Any CPU
		Release|Any CPU = Release|Any CPU
	EndGlobalSection
	GlobalSection(ProjectConfigurationPlatforms) = postSolution
		{88074846-23E9-43F6-89EB-A002E1970199}.Debug|Any CPU.ActiveCfg = Debug|Any CPU
		{88074846-23E9-43F6-89EB-A002E1970199}.Debug|Any CPU.Build.0 = Debug|Any CPU
		{88074846-23E9-43F6-89EB-A002E1970199}.Release|Any CPU.ActiveCfg = Release|Any CPU
		{88074846-23E9-43F6-89EB-A002E1970199}.Release|Any CPU.Build.0 = Release|Any CPU
	EndGlobalSection
	GlobalSection(SolutionProperties) = preSolution
		HideSolutionNode = FALSE
	EndGlobalSection
	GlobalSection(ExtensibilityGlobals) = postSolution
		SolutionGuid = {418E0104-19DD-4850-A5D2-1E830017D25F}
	EndGlobalSection
EndGlobal
