
Microsoft Visual Studio Solution File, Format Version 12.00
# Visual Studio Version 17
VisualStudioVersion = 17.2.32526.322
MinimumVisualStudioVersion = 10.0.40219.1
Project("{FAE04EC0-301F-11D3-BF4B-00C04F79EFBC}") = "CloudComputingA3", "CloudComputingA3.csproj", "{35BDFA0E-8FD5-4951-A221-A088997FA2F1}"
EndProject
Global
	GlobalSection(SolutionConfigurationPlatforms) = preSolution
		Debug|Any CPU = Debug|Any CPU
		Release|Any CPU = Release|Any CPU
	EndGlobalSection
	GlobalSection(ProjectConfigurationPlatforms) = postSolution
		{35BDFA0E-8FD5-4951-A221-A088997FA2F1}.Debug|Any CPU.ActiveCfg = Debug|Any CPU
		{35BDFA0E-8FD5-4951-A221-A088997FA2F1}.Debug|Any CPU.Build.0 = Debug|Any CPU
		{35BDFA0E-8FD5-4951-A221-A088997FA2F1}.Release|Any CPU.ActiveCfg = Release|Any CPU
		{35BDFA0E-8FD5-4951-A221-A088997FA2F1}.Release|Any CPU.Build.0 = Release|Any CPU
	EndGlobalSection
	GlobalSection(SolutionProperties) = preSolution
		HideSolutionNode = FALSE
	EndGlobalSection
	GlobalSection(ExtensibilityGlobals) = postSolution
		SolutionGuid = {24F28FB3-D600-4FBA-8223-39A497B16A5E}
	EndGlobalSection
EndGlobal
